{
    "_meta": {
        "hash": {
            "sha256": "ff18f179c77c509d0aa43f334abd9fb105c7c9063bedb6ab1eb70449c03e5b6c"
        },
        "pipfile-spec": 6,
        "requires": {
            "python_version": "3.8"
        },
        "sources": [
            {
                "name": "pypi",
                "url": "https://pypi.org/simple",
                "verify_ssl": true
            }
        ]
    },
    "default": {
        "attrs": {
            "hashes": [
                "sha256:29adc2665447e5191d0e7c568fde78b21f9672d344281d0c6e1ab085429b22b6",
                "sha256:86efa402f67bf2df34f51a335487cf46b1ec130d02b8d39fd248abfd30da551c"
            ],
            "markers": "python_version >= '3.5'",
            "version": "==22.1.0"
        },
        "importlib-resources": {
            "hashes": [
                "sha256:c01b1b94210d9849f286b86bb51bcea7cd56dde0600d8db721d7b81330711668",
                "sha256:ee17ec648f85480d523596ce49eae8ead87d5631ae1551f913c0100b5edd3437"
            ],
            "markers": "python_version < '3.9'",
            "version": "==5.10.0"
        },
        "jsonpatch": {
            "hashes": [
                "sha256:26ac385719ac9f54df8a2f0827bb8253aa3ea8ab7b3368457bcdb8c14595a397",
                "sha256:b6ddfe6c3db30d81a96aaeceb6baf916094ffa23d7dd5fa2c13e13f8b6e600c2"
            ],
            "markers": "python_version >= '2.7' and python_version not in '3.0, 3.1, 3.2, 3.3, 3.4'",
            "version": "==1.32"
        },
        "jsonpointer": {
            "hashes": [
                "sha256:51801e558539b4e9cd268638c078c6c5746c9ac96bc38152d443400e4f3793e9",
                "sha256:97cba51526c829282218feb99dab1b1e6bdf8efd1c43dc9d57be093c0d69c99a"
            ],
            "markers": "python_version >= '2.7' and python_version not in '3.0, 3.1, 3.2, 3.3'",
            "version": "==2.3"
        },
        "jsonschema": {
            "hashes": [
                "sha256:165059f076eff6971bae5b742fc029a7b4ef3f9bcf04c14e4776a7605de14b23",
                "sha256:9e74b8f9738d6a946d70705dc692b74b5429cd0960d58e79ffecfc43b2221eb9"
            ],
            "index": "pypi",
            "version": "==4.16.0"
        },
        "mypy": {
            "hashes": [
                "sha256:1021c241e8b6e1ca5a47e4d52601274ac078a89845cfde66c6d5f769819ffa1d",
                "sha256:14d53cdd4cf93765aa747a7399f0961a365bcddf7855d9cef6306fa41de01c24",
                "sha256:175f292f649a3af7082fe36620369ffc4661a71005aa9f8297ea473df5772046",
                "sha256:26ae64555d480ad4b32a267d10cab7aec92ff44de35a7cd95b2b7cb8e64ebe3e",
                "sha256:41fd1cf9bc0e1c19b9af13a6580ccb66c381a5ee2cf63ee5ebab747a4badeba3",
                "sha256:5085e6f442003fa915aeb0a46d4da58128da69325d8213b4b35cc7054090aed5",
                "sha256:58f27ebafe726a8e5ccb58d896451dd9a662a511a3188ff6a8a6a919142ecc20",
                "sha256:6389af3e204975d6658de4fb8ac16f58c14e1bacc6142fee86d1b5b26aa52bda",
                "sha256:724d36be56444f569c20a629d1d4ee0cb0ad666078d59bb84f8f887952511ca1",
                "sha256:75838c649290d83a2b83a88288c1eb60fe7a05b36d46cbea9d22efc790002146",
                "sha256:7b35ce03a289480d6544aac85fa3674f493f323d80ea7226410ed065cd46f206",
                "sha256:85f7a343542dc8b1ed0a888cdd34dca56462654ef23aa673907305b260b3d746",
                "sha256:86ebe67adf4d021b28c3f547da6aa2cce660b57f0432617af2cca932d4d378a6",
                "sha256:8ee8c2472e96beb1045e9081de8e92f295b89ac10c4109afdf3a23ad6e644f3e",
                "sha256:91781eff1f3f2607519c8b0e8518aad8498af1419e8442d5d0afb108059881fc",
                "sha256:a692a8e7d07abe5f4b2dd32d731812a0175626a90a223d4b58f10f458747dd8a",
                "sha256:a705a93670c8b74769496280d2fe6cd59961506c64f329bb179970ff1d24f9f8",
                "sha256:c6e564f035d25c99fd2b863e13049744d96bd1947e3d3d2f16f5828864506763",
                "sha256:cebca7fd333f90b61b3ef7f217ff75ce2e287482206ef4a8b18f32b49927b1a2",
                "sha256:d6af646bd46f10d53834a8e8983e130e47d8ab2d4b7a97363e35b24e1d588947",
                "sha256:e7aeaa763c7ab86d5b66ff27f68493d672e44c8099af636d433a7f3fa5596d40",
                "sha256:eaa97b9ddd1dd9901a22a879491dbb951b5dec75c3b90032e2baa7336777363b",
                "sha256:eb7a068e503be3543c4bd329c994103874fa543c1727ba5288393c21d912d795",
                "sha256:f793e3dd95e166b66d50e7b63e69e58e88643d80a3dcc3bcd81368e0478b089c"
            ],
            "index": "pypi",
            "version": "==0.982"
        },
        "mypy-extensions": {
            "hashes": [
                "sha256:090fedd75945a69ae91ce1303b5824f428daf5a028d2f6ab8a299250a846f15d",
                "sha256:2d82818f5bb3e369420cb3c4060a7970edba416647068eb4c5343488a6c604a8"
            ],
            "version": "==0.4.3"
        },
        "pkgutil-resolve-name": {
            "hashes": [
                "sha256:357d6c9e6a755653cfd78893817c0853af365dd51ec97f3d358a819373bbd174",
                "sha256:ca27cc078d25c5ad71a9de0a7a330146c4e014c2462d9af19c6b828280649c5e"
            ],
            "markers": "python_version < '3.9'",
            "version": "==1.3.10"
        },
        "pyrsistent": {
            "hashes": [
                "sha256:06579d46d8ad69529b28f88711191a7fe7103c92d04a9f338dc754f71b92efa0",
                "sha256:1d0620474d509172e1c50b79d5626bfe1899f174bf650186a50c6ce31289ff52",
                "sha256:2032d971711643049b4f2c3ca5155a855d507d73bad26dac8d4349e5c5dd6758",
                "sha256:2c641111c3f110379bb9001dbb26b34eb8cafab3d0fa855dc161c391461a4aab",
                "sha256:327f99800d04a9abcf580daecfd6dd4bfdb4a7e61c71bf2cd1189ef1ca44bade",
                "sha256:39f15ad754384e744ac8b00805913bfa66c41131faaa3e4c45c4af0731f3e8f6",
                "sha256:4c58bd93c4d502f52938fccdbe6c9d70df3a585c6b39d900fab5f76b604282aa",
                "sha256:62a41037387ae849a493cd945e22b34d167a843d57f75b07dbfad6d96cef485c",
                "sha256:62b704f18526a8fc243152de8f3f40ae39c5172baff10f50c0c5d5331d6f2342",
                "sha256:6df99c3578dc4eb33f3eb26bc28277ab40a720b71649d940bff9c1f704377772",
                "sha256:6ef7430e45c5fa0bb6c361cada4a08ed9c184b5ed086815a85c3bc8c5054566b",
                "sha256:73b2db09fe15b6e444c0bd566a125a385ca6493456224ce8b367d734f079f576",
                "sha256:73d4ec2997716af3c8f28f7e3d3a565d273a598982d2fe95639e07ce4db5da45",
                "sha256:73e3e2fd9da009d558050697cc22ad689f89a14a2ef2e67304628a913e59c947",
                "sha256:890f577aec554f142e01daf890221d10e4f93a9b1107998d631d3f075b55e8f8",
                "sha256:8a34a2a8b220247658f7ced871197c390b3a6371d796a5869ab1c62abe0be527",
                "sha256:8bc23e9ddcb523c3ffb4d712aa0bd5bc67b34ff4e2b23fb557012171bdb4013a",
                "sha256:945297fc344fef4d540135180ce7babeb2291d124698cc6282f3eac624aa5e82",
                "sha256:aaa869d9199d7d4c70a57678aff21654cc179c0c32bcfde87f1d65d0ff47e520",
                "sha256:bc33fc20ddfd89b86b7710142963490d8c4ee8307ed6cc5e189a58fa72390eb9",
                "sha256:cfe6d8b293d123255fd3b475b5f4e851eb5cbaee2064c8933aa27344381744ae",
                "sha256:d16ac5ab3d9db78fed40c884d67079524e4cf8276639211ad9e6fa73e727727e"
            ],
            "markers": "python_version >= '3.7'",
            "version": "==0.19.1"
        },
        "tomli": {
            "hashes": [
                "sha256:939de3e7a6161af0c887ef91b7d41a53e7c5a1ca976325f429cb46ea9bc30ecc",
                "sha256:de526c12914f0c550d15924c62d72abc48d6fe7364aa87328337a31007fe8a4f"
            ],
            "markers": "python_version < '3.11'",
            "version": "==2.0.1"
        },
        "typing-extensions": {
            "hashes": [
                "sha256:1511434bb92bf8dd198c12b1cc812e800d4181cfcb867674e0f8279cc93087aa",
                "sha256:16fa4864408f655d35ec496218b85f79b3437c829e93320c7c9215ccfd92489e"
            ],
            "markers": "python_version >= '3.7'",
            "version": "==4.4.0"
        },
        "warlock": {
            "hashes": [
                "sha256:448df959cec31904f686ac8c6b1dfab80f0cdabce3d303be517dd433eeebf012",
                "sha256:99abbf9525b2a77f2cde896d3a9f18a5b4590db063db65e08207694d2e0137fc"
            ],
            "index": "pypi",
            "version": "==2.0.1"
        },
        "zipp": {
            "hashes": [
                "sha256:4fcb6f278987a6605757302a6e40e896257570d11c51628968ccb2a47e80c6c1",
                "sha256:7a7262fd930bd3e36c50b9a64897aec3fafff3dfdeec9623ae22b40e93f99bb8"
            ],
            "markers": "python_version < '3.10'",
            "version": "==3.10.0"
        }
    },
    "develop": {}
}
